
Microsoft Visual Studio Solution File, Format Version 12.00
# Visual Studio Version 16
VisualStudioVersion = 16.0.30413.136
MinimumVisualStudioVersion = 10.0.40219.1
Project("{FAE04EC0-301F-11D3-BF4B-00C04F79EFBC}") = "ASP_23_LabDz_Core", "ASP_23_LabDz_Core\ASP_23_LabDz_Core.csproj", "{CF72F877-581D-48B7-8363-7C55D5F5D02A}"
EndProject
Global
	GlobalSection(SolutionConfigurationPlatforms) = preSolution
		Debug|Any CPU = Debug|Any CPU
		Release|Any CPU = Release|Any CPU
	EndGlobalSection
	GlobalSection(ProjectConfigurationPlatforms) = postSolution
		{CF72F877-581D-48B7-8363-7C55D5F5D02A}.Debug|Any CPU.ActiveCfg = Debug|Any CPU
		{CF72F877-581D-48B7-8363-7C55D5F5D02A}.Debug|Any CPU.Build.0 = Debug|Any CPU
		{CF72F877-581D-48B7-8363-7C55D5F5D02A}.Release|Any CPU.ActiveCfg = Release|Any CPU
		{CF72F877-581D-48B7-8363-7C55D5F5D02A}.Release|Any CPU.Build.0 = Release|Any CPU
	EndGlobalSection
	GlobalSection(SolutionProperties) = preSolution
		HideSolutionNode = FALSE
	EndGlobalSection
	GlobalSection(ExtensibilityGlobals) = postSolution
		SolutionGuid = {729806AA-1829-4B26-B5AB-516DD61C5C07}
	EndGlobalSection
EndGlobal
